PODS:
  - Flutter (1.0.0)
  - integration_test (0.0.1):
    - Flutter
  - MapboxCommon (24.13.3):
    - Turf (= 4.0.0)
  - MapboxCoreMaps (11.13.3):
    - MapboxCommon (= 24.13.3)
  - MapboxMaps (11.13.3):
    - MapboxCommon (= 24.13.3)
    - MapboxCoreMaps (= 11.13.3)
    - Turf (= 4.0.0)
  - MapsIndoors (4.12.3)
  - mapsindoors_mapbox_ios (4.2.5):
    - Flutter
    - MapsIndoorsCodable (= 4.12.3)
    - MapsIndoorsMapbox11 (= 4.12.3)
  - MapsIndoorsCodable (4.12.3):
    - MapsIndoors (= 4.12.3)
    - MapsIndoorsCore (= 4.12.3)
  - MapsIndoorsCore (4.12.3):
    - MapsIndoors (= 4.12.3)
  - MapsIndoorsMapbox11 (4.12.3):
    - MapboxMaps (= 11.13.3)
    - MapsIndoorsCore (= 4.12.3)
  - Turf (4.0.0)

DEPENDENCIES:
  - Flutter (from `Flutter`)
  - integration_test (from `.symlinks/plugins/integration_test/ios`)
  - mapsindoors_mapbox_ios (from `.symlinks/plugins/mapsindoors_mapbox_ios/ios`)

SPEC REPOS:
  trunk:
    - MapboxCommon
    - MapboxCoreMaps
    - MapboxMaps
    - MapsIndoors
    - MapsIndoorsCodable
    - MapsIndoorsCore
    - MapsIndoorsMapbox11
    - Turf

EXTERNAL SOURCES:
  Flutter:
    :path: Flutter
  integration_test:
    :path: ".symlinks/plugins/integration_test/ios"
  mapsindoors_mapbox_ios:
    :path: ".symlinks/plugins/mapsindoors_mapbox_ios/ios"

SPEC CHECKSUMS:
  Flutter: e0871f40cf51350855a761d2e70bf5af5b9b5de7
  integration_test: 4a889634ef21a45d28d50d622cf412dc6d9f586e
  MapboxCommon: 2bcc5f4477943750ecd5ab3a46e9375761deb4df
  MapboxCoreMaps: 61c6137cf359898c7d4e20cd1cede6c8e814b348
  MapboxMaps: 597037989a759d27d7d88240822457351bce2197
  MapsIndoors: 715b28512a967e1d7eaf31427cf780f1fc454515
  mapsindoors_mapbox_ios: d11b2f73607d584e6673b2eabbcbb1366058460d
  MapsIndoorsCodable: 9b5cf7bbbe2027ac11b96e8c01d8283e14bc1d48
  MapsIndoorsCore: 19ad50651b8cd175889845273d0b3eebd974738c
  MapsIndoorsMapbox11: 2b6509df2f1b9a2c7309c417abb8144192ebda7d
  Turf: c9eb11a65d96af58cac523460fd40fec5061b081

PODFILE CHECKSUM: a2c3ee0697b35eaba769f92f9356df15ee2bcb61

COCOAPODS: 1.16.2
